DEPENDENCIES
  apache2 (~> 2.0.0)
  apt-repo (~> 0.1.1)
  java (~> 1.28.0)
  mysql (~> 5.5.2)
  rvm (~> 0.9.2)

GRAPH
  apache2 (2.0.0)
    iptables (>= 0.0.0)
    logrotate (>= 0.0.0)
    pacman (>= 0.0.0)
  apt-repo (0.1.1)
  chef_gem (0.1.0)
  iptables (0.14.0)
  java (1.28.0)
  logrotate (1.7.0)
  mysql (5.5.2)
    yum-mysql-community (>= 0.0.0)
  pacman (1.1.1)
  rvm (0.9.2)
    chef_gem (>= 0.0.0)
    java (>= 0.0.0)
  yum (3.3.2)
  yum-mysql-community (0.1.10)
    yum (>= 3.0)
