DEPENDENCIES
  apt-repo (~> 0.1.1)
  atom
    path: site-cookbooks/atom
  java (~> 1.28.0)
  jenkins (~> 2.1.2)
  rvm (~> 0.9.2)
  td-agent-private
    path: site-cookbooks/td-agent-private

GRAPH
  apt (2.6.0)
  apt-repo (0.1.1)
  atom (0.1.0)
  build-essential (2.0.6)
  chef_gem (0.1.0)
  java (1.28.0)
  jenkins (2.1.2)
    apt (~> 2.0)
    runit (~> 1.5)
    yum (~> 3.0)
  runit (1.5.10)
    build-essential (>= 0.0.0)
    yum (~> 3.0)
    yum-epel (>= 0.0.0)
  rvm (0.9.2)
    chef_gem (>= 0.0.0)
    java (>= 0.0.0)
  td-agent-private (0.1.0)
  yum (3.3.2)
  yum-epel (0.5.1)
    yum (~> 3.0)
